
Microsoft Visual Studio Solution File, Format Version 12.00
# Visual Studio Version 17
VisualStudioVersion = 17.11.35222.181
MinimumVisualStudioVersion = 10.0.40219.1
Project("{2150E333-8FDC-42A3-9474-1A3956D46DE8}") = "src", "src", "{C0566004-364D-4B0C-9E7C-EF263922D1A1}"
EndProject
Project("{2150E333-8FDC-42A3-9474-1A3956D46DE8}") = "Adapters", "Adapters", "{E281AAF7-1CF7-4173-96DE-70A057597FF9}"
EndProject
Project("{2150E333-8FDC-42A3-9474-1A3956D46DE8}") = "Driven", "Driven", "{DB6CA29F-EE7F-4EAE-8544-9E27C99BF463}"
EndProject
Project("{2150E333-8FDC-42A3-9474-1A3956D46DE8}") = "Driving", "Driving", "{A90B7D48-2ABD-4740-9A10-D2E71C28FDA5}"
EndProject
Project("{2150E333-8FDC-42A3-9474-1A3956D46DE8}") = "Core", "Core", "{16D5D8F9-1C71-4838-9EA2-F4FA9E77325C}"
EndProject
Project("{2150E333-8FDC-42A3-9474-1A3956D46DE8}") = "tests", "tests", "{B56846FB-D8F9-420A-9026-911F1C8E9686}"
EndProject
Project("{FAE04EC0-301F-11D3-BF4B-00C04F79EFBC}") = "Domain", "Domain\Domain.csproj", "{51BB3602-0E9E-4410-9BE1-1B179F32E331}"
EndProject
Project("{FAE04EC0-301F-11D3-BF4B-00C04F79EFBC}") = "Application", "Application\Application.csproj", "{4C2CAB0C-2614-4F5C-864F-3D5F8185B71F}"
EndProject
Project("{FAE04EC0-301F-11D3-BF4B-00C04F79EFBC}") = "WebApi", "WebApi\WebApi.csproj", "{E6B0FD88-AEAC-48A6-98B7-323DE47DA47E}"
EndProject
Project("{FAE04EC0-301F-11D3-BF4B-00C04F79EFBC}") = "Infrastructure.Data", "Infrastructure.Data\Infrastructure.Data.csproj", "{2BBA9F4D-095A-458F-A270-A7FB34984230}"
EndProject
Project("{FAE04EC0-301F-11D3-BF4B-00C04F79EFBC}") = "Infrastructure.Email", "Infrastructure.Email\Infrastructure.Email.csproj", "{BFACD9B2-97D5-46A4-ACA2-39E530196648}"
EndProject
Project("{FAE04EC0-301F-11D3-BF4B-00C04F79EFBC}") = "PessoasFisicas.Tests", "PessoasFisicas.Tests\PessoasFisicas.Tests.csproj", "{68C202AD-FD68-4C31-B044-72D3E463FC3B}"
EndProject
Global
	GlobalSection(SolutionConfigurationPlatforms) = preSolution
		Debug|Any CPU = Debug|Any CPU
		Release|Any CPU = Release|Any CPU
	EndGlobalSection
	GlobalSection(ProjectConfigurationPlatforms) = postSolution
		{51BB3602-0E9E-4410-9BE1-1B179F32E331}.Debug|Any CPU.ActiveCfg = Debug|Any CPU
		{51BB3602-0E9E-4410-9BE1-1B179F32E331}.Debug|Any CPU.Build.0 = Debug|Any CPU
		{51BB3602-0E9E-4410-9BE1-1B179F32E331}.Release|Any CPU.ActiveCfg = Release|Any CPU
		{51BB3602-0E9E-4410-9BE1-1B179F32E331}.Release|Any CPU.Build.0 = Release|Any CPU
		{4C2CAB0C-2614-4F5C-864F-3D5F8185B71F}.Debug|Any CPU.ActiveCfg = Debug|Any CPU
		{4C2CAB0C-2614-4F5C-864F-3D5F8185B71F}.Debug|Any CPU.Build.0 = Debug|Any CPU
		{4C2CAB0C-2614-4F5C-864F-3D5F8185B71F}.Release|Any CPU.ActiveCfg = Release|Any CPU
		{4C2CAB0C-2614-4F5C-864F-3D5F8185B71F}.Release|Any CPU.Build.0 = Release|Any CPU
		{E6B0FD88-AEAC-48A6-98B7-323DE47DA47E}.Debug|Any CPU.ActiveCfg = Debug|Any CPU
		{E6B0FD88-AEAC-48A6-98B7-323DE47DA47E}.Debug|Any CPU.Build.0 = Debug|Any CPU
		{E6B0FD88-AEAC-48A6-98B7-323DE47DA47E}.Release|Any CPU.ActiveCfg = Release|Any CPU
		{E6B0FD88-AEAC-48A6-98B7-323DE47DA47E}.Release|Any CPU.Build.0 = Release|Any CPU
		{2BBA9F4D-095A-458F-A270-A7FB34984230}.Debug|Any CPU.ActiveCfg = Debug|Any CPU
		{2BBA9F4D-095A-458F-A270-A7FB34984230}.Debug|Any CPU.Build.0 = Debug|Any CPU
		{2BBA9F4D-095A-458F-A270-A7FB34984230}.Release|Any CPU.ActiveCfg = Release|Any CPU
		{2BBA9F4D-095A-458F-A270-A7FB34984230}.Release|Any CPU.Build.0 = Release|Any CPU
		{BFACD9B2-97D5-46A4-ACA2-39E530196648}.Debug|Any CPU.ActiveCfg = Debug|Any CPU
		{BFACD9B2-97D5-46A4-ACA2-39E530196648}.Debug|Any CPU.Build.0 = Debug|Any CPU
		{BFACD9B2-97D5-46A4-ACA2-39E530196648}.Release|Any CPU.ActiveCfg = Release|Any CPU
		{BFACD9B2-97D5-46A4-ACA2-39E530196648}.Release|Any CPU.Build.0 = Release|Any CPU
		{68C202AD-FD68-4C31-B044-72D3E463FC3B}.Debug|Any CPU.ActiveCfg = Debug|Any CPU
		{68C202AD-FD68-4C31-B044-72D3E463FC3B}.Debug|Any CPU.Build.0 = Debug|Any CPU
		{68C202AD-FD68-4C31-B044-72D3E463FC3B}.Release|Any CPU.ActiveCfg = Release|Any CPU
		{68C202AD-FD68-4C31-B044-72D3E463FC3B}.Release|Any CPU.Build.0 = Release|Any CPU
	EndGlobalSection
	GlobalSection(SolutionProperties) = preSolution
		HideSolutionNode = FALSE
	EndGlobalSection
	GlobalSection(NestedProjects) = preSolution
		{E281AAF7-1CF7-4173-96DE-70A057597FF9} = {C0566004-364D-4B0C-9E7C-EF263922D1A1}
		{DB6CA29F-EE7F-4EAE-8544-9E27C99BF463} = {E281AAF7-1CF7-4173-96DE-70A057597FF9}
		{A90B7D48-2ABD-4740-9A10-D2E71C28FDA5} = {E281AAF7-1CF7-4173-96DE-70A057597FF9}
		{16D5D8F9-1C71-4838-9EA2-F4FA9E77325C} = {C0566004-364D-4B0C-9E7C-EF263922D1A1}
		{51BB3602-0E9E-4410-9BE1-1B179F32E331} = {16D5D8F9-1C71-4838-9EA2-F4FA9E77325C}
		{4C2CAB0C-2614-4F5C-864F-3D5F8185B71F} = {16D5D8F9-1C71-4838-9EA2-F4FA9E77325C}
		{E6B0FD88-AEAC-48A6-98B7-323DE47DA47E} = {A90B7D48-2ABD-4740-9A10-D2E71C28FDA5}
		{2BBA9F4D-095A-458F-A270-A7FB34984230} = {DB6CA29F-EE7F-4EAE-8544-9E27C99BF463}
		{BFACD9B2-97D5-46A4-ACA2-39E530196648} = {DB6CA29F-EE7F-4EAE-8544-9E27C99BF463}
		{68C202AD-FD68-4C31-B044-72D3E463FC3B} = {B56846FB-D8F9-420A-9026-911F1C8E9686}
	EndGlobalSection
	GlobalSection(ExtensibilityGlobals) = postSolution
		SolutionGuid = {8E6341FB-F975-4597-B4FE-3762E052C637}
	EndGlobalSection
EndGlobal
